
Microsoft Visual Studio Solution File, Format Version 12.00
# Visual Studio Version 17
VisualStudioVersion = 17.11.35222.181
MinimumVisualStudioVersion = 10.0.40219.1
Project("{FAE04EC0-301F-11D3-BF4B-00C04F79EFBC}") = "PayPalIntegration", "PayPalIntegration.csproj", "{864763EF-1B75-45B2-B993-97277179D550}"
EndProject
Global
	GlobalSection(SolutionConfigurationPlatforms) = preSolution
		Debug|Any CPU = Debug|Any CPU
		Release|Any CPU = Release|Any CPU
	EndGlobalSection
	GlobalSection(ProjectConfigurationPlatforms) = postSolution
		{864763EF-1B75-45B2-B993-97277179D550}.Debug|Any CPU.ActiveCfg = Debug|Any CPU
		{864763EF-1B75-45B2-B993-97277179D550}.Debug|Any CPU.Build.0 = Debug|Any CPU
		{864763EF-1B75-45B2-B993-97277179D550}.Release|Any CPU.ActiveCfg = Release|Any CPU
		{864763EF-1B75-45B2-B993-97277179D550}.Release|Any CPU.Build.0 = Release|Any CPU
	EndGlobalSection
	GlobalSection(SolutionProperties) = preSolution
		HideSolutionNode = FALSE
	EndGlobalSection
	GlobalSection(ExtensibilityGlobals) = postSolution
		SolutionGuid = {2C6FDEFD-2472-4682-9DCB-DB257553F99D}
	EndGlobalSection
EndGlobal
